// !$*UTF8*$!
{
	archiveVersion = 1;
	classes = {
	};
	objectVersion = 46;
	objects = {

/* Begin PBXBuildFile section */
		A91454291EA4C865004DA855 /* AppDelegate.swift in Sources */ = {isa = PBXBuildFile; fileRef = A91454281EA4C865004DA855 /* AppDelegate.swift */; };
		A914542E1EA4C865004DA855 /* Main.storyboard in Resources */ = {isa = PBXBuildFile; fileRef = A914542C1EA4C865004DA855 /* Main.storyboard */; };
		A91454301EA4C865004DA855 /* Assets.xcassets in Resources */ = {isa = PBXBuildFile; fileRef = A914542F1EA4C865004DA855 /* Assets.xcassets */; };
		A91454331EA4C865004DA855 /* LaunchScreen.storyboard in Resources */ = {isa = PBXBuildFile; fileRef = A91454311EA4C865004DA855 /* LaunchScreen.storyboard */; };
		A914543C1EA4C893004DA855 /* ImageViewController.swift in Sources */ = {isa = PBXBuildFile; fileRef = A914543B1EA4C893004DA855 /* ImageViewController.swift */; };
		A914543E1EA4CA29004DA855 /* DemoURL.swift in Sources */ = {isa = PBXBuildFile; fileRef = A914543D1EA4CA29004DA855 /* DemoURL.swift */; };
		A92FD03E1EA9420100FD2BB4 /* CassiniViewController.swift in Sources */ = {isa = PBXBuildFile; fileRef = A92FD03D1EA9420100FD2BB4 /* CassiniViewController.swift */; };
/* End PBXBuildFile section */

/* Begin PBXFileReference section */
		A91454251EA4C865004DA855 /* Cassini.app */ = {isa = PBXFileReference; explicitFileType = wrapper.application; includeInIndex = 0; path = Cassini.app; sourceTree = BUILT_PRODUCTS_DIR; };
		A91454281EA4C865004DA855 /* AppDelegate.swift */ = {isa = PBXFileReference; lastKnownFileType = sourcecode.swift; path = AppDelegate.swift; sourceTree = "<group>"; };
		A914542D1EA4C865004DA855 /* Base */ = {isa = PBXFileReference; lastKnownFileType = file.storyboard; name = Base; path = Base.lproj/Main.storyboard; sourceTree = "<group>"; };
		A914542F1EA4C865004DA855 /* Assets.xcassets */ = {isa = PBXFileReference; lastKnownFileType = folder.assetcatalog; path = Assets.xcassets; sourceTree = "<group>"; };
		A91454321EA4C865004DA855 /* Base */ = {isa = PBXFileReference; lastKnownFileType = file.storyboard; name = Base; path = Base.lproj/LaunchScreen.storyboard; sourceTree = "<group>"; };
		A91454341EA4C865004DA855 /* Info.plist */ = {isa = PBXFileReference; lastKnownFileType = text.plist.xml; path = Info.plist; sourceTree = "<group>"; };
		A914543B1EA4C893004DA855 /* ImageViewController.swift */ = {isa = PBXFileReference; fileEncoding = 4; lastKnownFileType = sourcecode.swift; path = ImageViewController.swift; sourceTree = "<group>"; };
		A914543D1EA4CA29004DA855 /* DemoURL.swift */ = {isa = PBXFileReference; fileEncoding = 4; lastKnownFileType = sourcecode.swift; path = DemoURL.swift; sourceTree = "<group>"; };
		A92FD03D1EA9420100FD2BB4 /* CassiniViewController.swift */ = {isa = PBXFileReference; fileEncoding = 4; lastKnownFileType = sourcecode.swift; path = CassiniViewController.swift; sourceTree = "<group>"; };
/* End PBXFileReference section */

/* Begin PBXFrameworksBuildPhase section */
		A91454221EA4C865004DA855 /* Frameworks */ = {
			isa = PBXFrameworksBuildPhase;
			buildActionMask = 2147483647;
			files = (
			);
			runOnlyForDeploymentPostprocessing = 0;
		};
/* End PBXFrameworksBuildPhase section */

/* Begin PBXGroup section */
		A914541C1EA4C865004DA855 = {
			isa = PBXGroup;
			children = (
				A91454271EA4C865004DA855 /* Cassini */,
				A91454261EA4C865004DA855 /* Products */,
			);
			sourceTree = "<group>";
		};
		A91454261EA4C865004DA855 /* Products */ = {
			isa = PBXGroup;
			children = (
				A91454251EA4C865004DA855 /* Cassini.app */,
			);
			name = Products;
			sourceTree = "<group>";
		};
		A91454271EA4C865004DA855 /* Cassini */ = {
			isa = PBXGroup;
			children = (
				A91454281EA4C865004DA855 /* AppDelegate.swift */,
				A914543D1EA4CA29004DA855 /* DemoURL.swift */,
				A914543B1EA4C893004DA855 /* ImageViewController.swift */,
				A92FD03D1EA9420100FD2BB4 /* CassiniViewController.swift */,
				A914542C1EA4C865004DA855 /* Main.storyboard */,
				A91454341EA4C865004DA855 /* Info.plist */,
				A914543A1EA4C879004DA855 /* Supporting Files */,
			);
			path = Cassini;
			sourceTree = "<group>";
		};
		A914543A1EA4C879004DA855 /* Supporting Files */ = {
			isa = PBXGroup;
			children = (
				A914542F1EA4C865004DA855 /* Assets.xcassets */,
				A91454311EA4C865004DA855 /* LaunchScreen.storyboard */,
			);
			name = "Supporting Files";
			sourceTree = "<group>";
		};
/* End PBXGroup section */

/* Begin PBXNativeTarget section */
		A91454241EA4C865004DA855 /* Cassini */ = {
			isa = PBXNativeTarget;
			buildConfigurationList = A91454371EA4C865004DA855 /* Build configuration list for PBXNativeTarget "Cassini" */;
			buildPhases = (
				A91454211EA4C865004DA855 /* Sources */,
				A91454221EA4C865004DA855 /* Frameworks */,
				A91454231EA4C865004DA855 /* Resources */,
			);
			buildRules = (
			);
			dependencies = (
			);
			name = Cassini;
			productName = Cassini;
			productReference = A91454251EA4C865004DA855 /* Cassini.app */;
			productType = "com.apple.product-type.application";
		};
/* End PBXNativeTarget section */

/* Begin PBXProject section */
		A914541D1EA4C865004DA855 /* Project object */ = {
			isa = PBXProject;
			attributes = {
				LastSwiftUpdateCheck = 0830;
				LastUpgradeCheck = 0830;
				ORGANIZATIONNAME = "Oleksii Huralnyk";
				TargetAttributes = {
					A91454241EA4C865004DA855 = {
						CreatedOnToolsVersion = 8.3;
						ProvisioningStyle = Automatic;
					};
				};
			};
			buildConfigurationList = A91454201EA4C865004DA855 /* Build configuration list for PBXProject "Cassini" */;
			compatibilityVersion = "Xcode 3.2";
			developmentRegion = English;
			hasScannedForEncodings = 0;
			knownRegions = (
				en,
				Base,
			);
			mainGroup = A914541C1EA4C865004DA855;
			productRefGroup = A91454261EA4C865004DA855 /* Products */;
			projectDirPath = "";
			projectRoot = "";
			targets = (
				A91454241EA4C865004DA855 /* Cassini */,
			);
		};
/* End PBXProject section */

/* Begin PBXResourcesBuildPhase section */
		A91454231EA4C865004DA855 /* Resources */ = {
			isa = PBXResourcesBuildPhase;
			buildActionMask = 2147483647;
			files = (
				A91454331EA4C865004DA855 /* LaunchScreen.storyboard in Resources */,
				A91454301EA4C865004DA855 /* Assets.xcassets in Resources */,
				A914542E1EA4C865004DA855 /* Main.storyboard in Resources */,
			);
			runOnlyForDeploymentPostprocessing = 0;
		};
/* End PBXResourcesBuildPhase section */

/* Begin PBXSourcesBuildPhase section */
		A91454211EA4C865004DA855 /* Sources */ = {
			isa = PBXSourcesBuildPhase;
			buildActionMask = 2147483647;
			files = (
				A914543C1EA4C893004DA855 /* ImageViewController.swift in Sources */,
				A91454291EA4C865004DA855 /* AppDelegate.swift in Sources */,
				A914543E1EA4CA29004DA855 /* DemoURL.swift in Sources */,
				A92FD03E1EA9420100FD2BB4 /* CassiniViewController.swift in Sources */,
			);
			runOnlyForDeploymentPostprocessing = 0;
		};
/* End PBXSourcesBuildPhase section */

/* Begin PBXVariantGroup section */
		A914542C1EA4C865004DA855 /* Main.storyboard */ = {
			isa = PBXVariantGroup;
			children = (
				A914542D1EA4C865004DA855 /* Base */,
			);
			name = Main.storyboard;
			sourceTree = "<group>";
		};
		A91454311EA4C865004DA855 /* LaunchScreen.storyboard */ = {
			isa = PBXVariantGroup;
			children = (
				A91454321EA4C865004DA855 /* Base */,
			);
			name = LaunchScreen.storyboard;
			sourceTree = "<group>";
		};
/* End PBXVariantGroup section */

/* Begin XCBuildConfiguration section */
		A91454351EA4C865004DA855 /* Debug */ = {
			isa = XCBuildConfiguration;
			buildSettings = {
				ALWAYS_SEARCH_USER_PATHS = NO;
				CLANG_ANALYZER_NONNULL = YES;
				CLANG_ANALYZER_NUMBER_OBJECT_CONVERSION = YES_AGGRESSIVE;
				CLANG_CXX_LANGUAGE_STANDARD = "gnu++0x";
				CLANG_CXX_LIBRARY = "libc++";
				CLANG_ENABLE_MODULES = YES;
				CLANG_ENABLE_OBJC_ARC = YES;
				CLANG_WARN_BOOL_CONVERSION = YES;
				CLANG_WARN_CONSTANT_CONVERSION = YES;
				CLANG_WARN_DIRECT_OBJC_ISA_USAGE = YES_ERROR;
				CLANG_WARN_DOCUMENTATION_COMMENTS = YES;
				CLANG_WARN_EMPTY_BODY = YES;
				CLANG_WARN_ENUM_CONVERSION = YES;
				CLANG_WARN_INFINITE_RECURSION = YES;
				CLANG_WARN_INT_CONVERSION = YES;
				CLANG_WARN_OBJC_ROOT_CLASS = YES_ERROR;
				CLANG_WARN_SUSPICIOUS_MOVE = YES;
				CLANG_WARN_UNREACHABLE_CODE = YES;
				CLANG_WARN__DUPLICATE_METHOD_MATCH = YES;
				"CODE_SIGN_IDENTITY[sdk=iphoneos*]" = "iPhone Developer";
				COPY_PHASE_STRIP = NO;
				DEBUG_INFORMATION_FORMAT = dwarf;
				ENABLE_STRICT_OBJC_MSGSEND = YES;
				ENABLE_TESTABILITY = YES;
				GCC_C_LANGUAGE_STANDARD = gnu99;
				GCC_DYNAMIC_NO_PIC = NO;
				GCC_NO_COMMON_BLOCKS = YES;
				GCC_OPTIMIZATION_LEVEL = 0;
				GCC_PREPROCESSOR_DEFINITIONS = (
					"DEBUG=1",
					"$(inherited)",
				);
				GCC_WARN_64_TO_32_BIT_CONVERSION = YES;
				GCC_WARN_ABOUT_RETURN_TYPE = YES_ERROR;
				GCC_WARN_UNDECLARED_SELECTOR = YES;
				GCC_WARN_UNINITIALIZED_AUTOS = YES_AGGRESSIVE;
				GCC_WARN_UNUSED_FUNCTION = YES;
				GCC_WARN_UNUSED_VARIABLE = YES;
				IPHONEOS_DEPLOYMENT_TARGET = 10.3;
				MTL_ENABLE_DEBUG_INFO = YES;
				ONLY_ACTIVE_ARCH = YES;
				SDKROOT = iphoneos;
				SWIFT_ACTIVE_COMPILATION_CONDITIONS = DEBUG;
				SWIFT_OPTIMIZATION_LEVEL = "-Onone";
				TARGETED_DEVICE_FAMILY = "1,2";
			};
			name = Debug;
		};
		A91454361EA4C865004DA855 /* Release */ = {
			isa = XCBuildConfiguration;
			buildSettings = {
				ALWAYS_SEARCH_USER_PATHS = NO;
				CLANG_ANALYZER_NONNULL = YES;
				CLANG_ANALYZER_NUMBER_OBJECT_CONVERSION = YES_AGGRESSIVE;
				CLANG_CXX_LANGUAGE_STANDARD = "gnu++0x";
				CLANG_CXX_LIBRARY = "libc++";
				CLANG_ENABLE_MODULES = YES;
				CLANG_ENABLE_OBJC_ARC = YES;
				CLANG_WARN_BOOL_CONVERSION = YES;
				CLANG_WARN_CONSTANT_CONVERSION = YES;
				CLANG_WARN_DIRECT_OBJC_ISA_USAGE = YES_ERROR;
				CLANG_WARN_DOCUMENTATION_COMMENTS = YES;
				CLANG_WARN_EMPTY_BODY = YES;
				CLANG_WARN_ENUM_CONVERSION = YES;
				CLANG_WARN_INFINITE_RECURSION = YES;
				CLANG_WARN_INT_CONVERSION = YES;
				CLANG_WARN_OBJC_ROOT_CLASS = YES_ERROR;
				CLANG_WARN_SUSPICIOUS_MOVE = YES;
				CLANG_WARN_UNREACHABLE_CODE = YES;
				CLANG_WARN__DUPLICATE_METHOD_MATCH = YES;
				"CODE_SIGN_IDENTITY[sdk=iphoneos*]" = "iPhone Developer";
				COPY_PHASE_STRIP = NO;
				DEBUG_INFORMATION_FORMAT = "dwarf-with-dsym";
				ENABLE_NS_ASSERTIONS = NO;
				ENABLE_STRICT_OBJC_MSGSEND = YES;
				GCC_C_LANGUAGE_STANDARD = gnu99;
				GCC_NO_COMMON_BLOCKS = YES;
				GCC_WARN_64_TO_32_BIT_CONVERSION = YES;
				GCC_WARN_ABOUT_RETURN_TYPE = YES_ERROR;
				GCC_WARN_UNDECLARED_SELECTOR = YES;
				GCC_WARN_UNINITIALIZED_AUTOS = YES_AGGRESSIVE;
				GCC_WARN_UNUSED_FUNCTION = YES;
				GCC_WARN_UNUSED_VARIABLE = YES;
				IPHONEOS_DEPLOYMENT_TARGET = 10.3;
				MTL_ENABLE_DEBUG_INFO = NO;
				SDKROOT = iphoneos;
				SWIFT_OPTIMIZATION_LEVEL = "-Owholemodule";
				TARGETED_DEVICE_FAMILY = "1,2";
				VALIDATE_PRODUCT = YES;
			};
			name = Release;
		};
		A91454381EA4C865004DA855 /* Debug */ = {
			isa = XCBuildConfiguration;
			buildSettings = {
				ASSETCATALOG_COMPILER_APPICON_NAME = AppIcon;
				INFOPLIST_FILE = Cassini/Info.plist;
				LD_RUNPATH_SEARCH_PATHS = "$(inherited) @executable_path/Frameworks";
				PRODUCT_BUNDLE_IDENTIFIER = com.huralnyk.Cassini;
				PRODUCT_NAME = "$(TARGET_NAME)";
				SWIFT_VERSION = 3.0;
			};
			name = Debug;
		};
		A91454391EA4C865004DA855 /* Release */ = {
			isa = XCBuildConfiguration;
			buildSettings = {
				ASSETCATALOG_COMPILER_APPICON_NAME = AppIcon;
				INFOPLIST_FILE = Cassini/Info.plist;
				LD_RUNPATH_SEARCH_PATHS = "$(inherited) @executable_path/Frameworks";
				PRODUCT_BUNDLE_IDENTIFIER = com.huralnyk.Cassini;
				PRODUCT_NAME = "$(TARGET_NAME)";
				SWIFT_VERSION = 3.0;
			};
			name = Release;
		};
/* End XCBuildConfiguration section */

/* Begin XCConfigurationList section */
		A91454201EA4C865004DA855 /* Build configuration list for PBXProject "Cassini" */ = {
			isa = XCConfigurationList;
			buildConfigurations = (
				A91454351EA4C865004DA855 /* Debug */,
				A91454361EA4C865004DA855 /* Release */,
			);
			defaultConfigurationIsVisible = 0;
			defaultConfigurationName = Release;
		};
		A91454371EA4C865004DA855 /* Build configuration list for PBXNativeTarget "Cassini" */ = {
			isa = XCConfigurationList;
			buildConfigurations = (
				A91454381EA4C865004DA855 /* Debug */,
				A91454391EA4C865004DA855 /* Release */,
			);
			defaultConfigurationIsVisible = 0;
			defaultConfigurationName = Release;
		};
/* End XCConfigurationList section */
	};
	rootObject = A914541D1EA4C865004DA855 /* Project object */;
}
