// !$*UTF8*$!
{
	archiveVersion = 1;
	classes = {
	};
	objectVersion = 46;
	objects = {

/* Begin PBXBuildFile section */
		A91454401EA4EB9E004DA855 /* SegueHandler.swift in Sources */ = {isa = PBXBuildFile; fileRef = A914543F1EA4EB9E004DA855 /* SegueHandler.swift */; };
		A91454421EA4ED5D004DA855 /* Extensions.swift in Sources */ = {isa = PBXBuildFile; fileRef = A91454411EA4ED5D004DA855 /* Extensions.swift */; };
		A918F5AE1E884B1F0014D4EC /* AxesDrawer.swift in Sources */ = {isa = PBXBuildFile; fileRef = A918F5AD1E884B1F0014D4EC /* AxesDrawer.swift */; };
		A918F5B21E899E7A0014D4EC /* GraphViewController.swift in Sources */ = {isa = PBXBuildFile; fileRef = A918F5B11E899E7A0014D4EC /* GraphViewController.swift */; };
		A918F5B41E899E9A0014D4EC /* GraphView.swift in Sources */ = {isa = PBXBuildFile; fileRef = A918F5B31E899E9A0014D4EC /* GraphView.swift */; };
		A92689CF1E64D0EA00D5BC87 /* AppDelegate.swift in Sources */ = {isa = PBXBuildFile; fileRef = A92689CE1E64D0EA00D5BC87 /* AppDelegate.swift */; };
		A92689D11E64D0EA00D5BC87 /* CalculatorViewController.swift in Sources */ = {isa = PBXBuildFile; fileRef = A92689D01E64D0EA00D5BC87 /* CalculatorViewController.swift */; };
		A92689D41E64D0EA00D5BC87 /* Main.storyboard in Resources */ = {isa = PBXBuildFile; fileRef = A92689D21E64D0EA00D5BC87 /* Main.storyboard */; };
		A92689D61E64D0EA00D5BC87 /* Assets.xcassets in Resources */ = {isa = PBXBuildFile; fileRef = A92689D51E64D0EA00D5BC87 /* Assets.xcassets */; };
		A92689D91E64D0EA00D5BC87 /* LaunchScreen.storyboard in Resources */ = {isa = PBXBuildFile; fileRef = A92689D71E64D0EA00D5BC87 /* LaunchScreen.storyboard */; };
		A98592BE1E67638600FE4BCD /* CalculatorBrain.swift in Sources */ = {isa = PBXBuildFile; fileRef = A98592BD1E67638600FE4BCD /* CalculatorBrain.swift */; };
		A9B27C091E71B7820073C52F /* CalculatorBrainTests.swift in Sources */ = {isa = PBXBuildFile; fileRef = A9B27C081E71B7820073C52F /* CalculatorBrainTests.swift */; };
/* End PBXBuildFile section */

/* Begin PBXContainerItemProxy section */
		A9B27C031E71B75B0073C52F /* PBXContainerItemProxy */ = {
			isa = PBXContainerItemProxy;
			containerPortal = A92689C31E64D0EA00D5BC87 /* Project object */;
			proxyType = 1;
			remoteGlobalIDString = A92689CA1E64D0EA00D5BC87;
			remoteInfo = Calculator;
		};
/* End PBXContainerItemProxy section */

/* Begin PBXFileReference section */
		A914543F1EA4EB9E004DA855 /* SegueHandler.swift */ = {isa = PBXFileReference; fileEncoding = 4; lastKnownFileType = sourcecode.swift; path = SegueHandler.swift; sourceTree = "<group>"; };
		A91454411EA4ED5D004DA855 /* Extensions.swift */ = {isa = PBXFileReference; fileEncoding = 4; lastKnownFileType = sourcecode.swift; path = Extensions.swift; sourceTree = "<group>"; };
		A918F5AD1E884B1F0014D4EC /* AxesDrawer.swift */ = {isa = PBXFileReference; fileEncoding = 4; lastKnownFileType = sourcecode.swift; path = AxesDrawer.swift; sourceTree = "<group>"; };
		A918F5B11E899E7A0014D4EC /* GraphViewController.swift */ = {isa = PBXFileReference; fileEncoding = 4; lastKnownFileType = sourcecode.swift; path = GraphViewController.swift; sourceTree = "<group>"; };
		A918F5B31E899E9A0014D4EC /* GraphView.swift */ = {isa = PBXFileReference; fileEncoding = 4; lastKnownFileType = sourcecode.swift; path = GraphView.swift; sourceTree = "<group>"; };
		A92689CB1E64D0EA00D5BC87 /* Calculator.app */ = {isa = PBXFileReference; explicitFileType = wrapper.application; includeInIndex = 0; path = Calculator.app; sourceTree = BUILT_PRODUCTS_DIR; };
		A92689CE1E64D0EA00D5BC87 /* AppDelegate.swift */ = {isa = PBXFileReference; lastKnownFileType = sourcecode.swift; path = AppDelegate.swift; sourceTree = "<group>"; };
		A92689D01E64D0EA00D5BC87 /* CalculatorViewController.swift */ = {isa = PBXFileReference; lastKnownFileType = sourcecode.swift; path = CalculatorViewController.swift; sourceTree = "<group>"; };
		A92689D31E64D0EA00D5BC87 /* Base */ = {isa = PBXFileReference; lastKnownFileType = file.storyboard; name = Base; path = Base.lproj/Main.storyboard; sourceTree = "<group>"; };
		A92689D51E64D0EA00D5BC87 /* Assets.xcassets */ = {isa = PBXFileReference; lastKnownFileType = folder.assetcatalog; path = Assets.xcassets; sourceTree = "<group>"; };
		A92689D81E64D0EA00D5BC87 /* Base */ = {isa = PBXFileReference; lastKnownFileType = file.storyboard; name = Base; path = Base.lproj/LaunchScreen.storyboard; sourceTree = "<group>"; };
		A92689DA1E64D0EA00D5BC87 /* Info.plist */ = {isa = PBXFileReference; lastKnownFileType = text.plist.xml; path = Info.plist; sourceTree = "<group>"; };
		A98592BD1E67638600FE4BCD /* CalculatorBrain.swift */ = {isa = PBXFileReference; fileEncoding = 4; lastKnownFileType = sourcecode.swift; path = CalculatorBrain.swift; sourceTree = "<group>"; };
		A9B27BFE1E71B75B0073C52F /* CalculatorTests.xctest */ = {isa = PBXFileReference; explicitFileType = wrapper.cfbundle; includeInIndex = 0; path = CalculatorTests.xctest; sourceTree = BUILT_PRODUCTS_DIR; };
		A9B27C021E71B75B0073C52F /* Info.plist */ = {isa = PBXFileReference; lastKnownFileType = text.plist.xml; path = Info.plist; sourceTree = "<group>"; };
		A9B27C081E71B7820073C52F /* CalculatorBrainTests.swift */ = {isa = PBXFileReference; fileEncoding = 4; lastKnownFileType = sourcecode.swift; path = CalculatorBrainTests.swift; sourceTree = "<group>"; };
/* End PBXFileReference section */

/* Begin PBXFrameworksBuildPhase section */
		A92689C81E64D0EA00D5BC87 /* Frameworks */ = {
			isa = PBXFrameworksBuildPhase;
			buildActionMask = 2147483647;
			files = (
			);
			runOnlyForDeploymentPostprocessing = 0;
		};
		A9B27BFB1E71B75B0073C52F /* Frameworks */ = {
			isa = PBXFrameworksBuildPhase;
			buildActionMask = 2147483647;
			files = (
			);
			runOnlyForDeploymentPostprocessing = 0;
		};
/* End PBXFrameworksBuildPhase section */

/* Begin PBXGroup section */
		A91454431EA4FCE9004DA855 /* Utilities */ = {
			isa = PBXGroup;
			children = (
				A918F5AD1E884B1F0014D4EC /* AxesDrawer.swift */,
				A914543F1EA4EB9E004DA855 /* SegueHandler.swift */,
				A91454411EA4ED5D004DA855 /* Extensions.swift */,
			);
			name = Utilities;
			sourceTree = "<group>";
		};
		A92689C21E64D0EA00D5BC87 = {
			isa = PBXGroup;
			children = (
				A92689CD1E64D0EA00D5BC87 /* Calculator */,
				A9B27BFF1E71B75B0073C52F /* CalculatorTests */,
				A92689CC1E64D0EA00D5BC87 /* Products */,
			);
			sourceTree = "<group>";
		};
		A92689CC1E64D0EA00D5BC87 /* Products */ = {
			isa = PBXGroup;
			children = (
				A92689CB1E64D0EA00D5BC87 /* Calculator.app */,
				A9B27BFE1E71B75B0073C52F /* CalculatorTests.xctest */,
			);
			name = Products;
			sourceTree = "<group>";
		};
		A92689CD1E64D0EA00D5BC87 /* Calculator */ = {
			isa = PBXGroup;
			children = (
				A98592BD1E67638600FE4BCD /* CalculatorBrain.swift */,
				A92689D01E64D0EA00D5BC87 /* CalculatorViewController.swift */,
				A918F5B11E899E7A0014D4EC /* GraphViewController.swift */,
				A918F5B31E899E9A0014D4EC /* GraphView.swift */,
				A92689D21E64D0EA00D5BC87 /* Main.storyboard */,
				A91454431EA4FCE9004DA855 /* Utilities */,
				A92689E01E64D0F100D5BC87 /* Supporting Files */,
			);
			path = Calculator;
			sourceTree = "<group>";
		};
		A92689E01E64D0F100D5BC87 /* Supporting Files */ = {
			isa = PBXGroup;
			children = (
				A92689CE1E64D0EA00D5BC87 /* AppDelegate.swift */,
				A92689D51E64D0EA00D5BC87 /* Assets.xcassets */,
				A92689D71E64D0EA00D5BC87 /* LaunchScreen.storyboard */,
				A92689DA1E64D0EA00D5BC87 /* Info.plist */,
			);
			name = "Supporting Files";
			sourceTree = "<group>";
		};
		A9B27BFF1E71B75B0073C52F /* CalculatorTests */ = {
			isa = PBXGroup;
			children = (
				A9B27C081E71B7820073C52F /* CalculatorBrainTests.swift */,
				A9B27C021E71B75B0073C52F /* Info.plist */,
			);
			path = CalculatorTests;
			sourceTree = "<group>";
		};
/* End PBXGroup section */

/* Begin PBXNativeTarget section */
		A92689CA1E64D0EA00D5BC87 /* Calculator */ = {
			isa = PBXNativeTarget;
			buildConfigurationList = A92689DD1E64D0EA00D5BC87 /* Build configuration list for PBXNativeTarget "Calculator" */;
			buildPhases = (
				A92689C71E64D0EA00D5BC87 /* Sources */,
				A92689C81E64D0EA00D5BC87 /* Frameworks */,
				A92689C91E64D0EA00D5BC87 /* Resources */,
			);
			buildRules = (
			);
			dependencies = (
			);
			name = Calculator;
			productName = Calculator;
			productReference = A92689CB1E64D0EA00D5BC87 /* Calculator.app */;
			productType = "com.apple.product-type.application";
		};
		A9B27BFD1E71B75B0073C52F /* CalculatorTests */ = {
			isa = PBXNativeTarget;
			buildConfigurationList = A9B27C071E71B75B0073C52F /* Build configuration list for PBXNativeTarget "CalculatorTests" */;
			buildPhases = (
				A9B27BFA1E71B75B0073C52F /* Sources */,
				A9B27BFB1E71B75B0073C52F /* Frameworks */,
				A9B27BFC1E71B75B0073C52F /* Resources */,
			);
			buildRules = (
			);
			dependencies = (
				A9B27C041E71B75B0073C52F /* PBXTargetDependency */,
			);
			name = CalculatorTests;
			productName = CalculatorTests;
			productReference = A9B27BFE1E71B75B0073C52F /* CalculatorTests.xctest */;
			productType = "com.apple.product-type.bundle.unit-test";
		};
/* End PBXNativeTarget section */

/* Begin PBXProject section */
		A92689C31E64D0EA00D5BC87 /* Project object */ = {
			isa = PBXProject;
			attributes = {
				LastSwiftUpdateCheck = 0820;
				LastUpgradeCheck = 0820;
				ORGANIZATIONNAME = "Oleksii Huralnyk";
				TargetAttributes = {
					A92689CA1E64D0EA00D5BC87 = {
						CreatedOnToolsVersion = 8.2.1;
						DevelopmentTeam = TEB3BLN4BF;
						ProvisioningStyle = Automatic;
					};
					A9B27BFD1E71B75B0073C52F = {
						CreatedOnToolsVersion = 8.2.1;
						LastSwiftMigration = 0820;
						ProvisioningStyle = Automatic;
						TestTargetID = A92689CA1E64D0EA00D5BC87;
					};
				};
			};
			buildConfigurationList = A92689C61E64D0EA00D5BC87 /* Build configuration list for PBXProject "Calculator" */;
			compatibilityVersion = "Xcode 3.2";
			developmentRegion = English;
			hasScannedForEncodings = 0;
			knownRegions = (
				en,
				Base,
			);
			mainGroup = A92689C21E64D0EA00D5BC87;
			productRefGroup = A92689CC1E64D0EA00D5BC87 /* Products */;
			projectDirPath = "";
			projectRoot = "";
			targets = (
				A92689CA1E64D0EA00D5BC87 /* Calculator */,
				A9B27BFD1E71B75B0073C52F /* CalculatorTests */,
			);
		};
/* End PBXProject section */

/* Begin PBXResourcesBuildPhase section */
		A92689C91E64D0EA00D5BC87 /* Resources */ = {
			isa = PBXResourcesBuildPhase;
			buildActionMask = 2147483647;
			files = (
				A92689D91E64D0EA00D5BC87 /* LaunchScreen.storyboard in Resources */,
				A92689D61E64D0EA00D5BC87 /* Assets.xcassets in Resources */,
				A92689D41E64D0EA00D5BC87 /* Main.storyboard in Resources */,
			);
			runOnlyForDeploymentPostprocessing = 0;
		};
		A9B27BFC1E71B75B0073C52F /* Resources */ = {
			isa = PBXResourcesBuildPhase;
			buildActionMask = 2147483647;
			files = (
			);
			runOnlyForDeploymentPostprocessing = 0;
		};
/* End PBXResourcesBuildPhase section */

/* Begin PBXSourcesBuildPhase section */
		A92689C71E64D0EA00D5BC87 /* Sources */ = {
			isa = PBXSourcesBuildPhase;
			buildActionMask = 2147483647;
			files = (
				A98592BE1E67638600FE4BCD /* CalculatorBrain.swift in Sources */,
				A918F5B21E899E7A0014D4EC /* GraphViewController.swift in Sources */,
				A918F5AE1E884B1F0014D4EC /* AxesDrawer.swift in Sources */,
				A91454401EA4EB9E004DA855 /* SegueHandler.swift in Sources */,
				A91454421EA4ED5D004DA855 /* Extensions.swift in Sources */,
				A92689D11E64D0EA00D5BC87 /* CalculatorViewController.swift in Sources */,
				A92689CF1E64D0EA00D5BC87 /* AppDelegate.swift in Sources */,
				A918F5B41E899E9A0014D4EC /* GraphView.swift in Sources */,
			);
			runOnlyForDeploymentPostprocessing = 0;
		};
		A9B27BFA1E71B75B0073C52F /* Sources */ = {
			isa = PBXSourcesBuildPhase;
			buildActionMask = 2147483647;
			files = (
				A9B27C091E71B7820073C52F /* CalculatorBrainTests.swift in Sources */,
			);
			runOnlyForDeploymentPostprocessing = 0;
		};
/* End PBXSourcesBuildPhase section */

/* Begin PBXTargetDependency section */
		A9B27C041E71B75B0073C52F /* PBXTargetDependency */ = {
			isa = PBXTargetDependency;
			target = A92689CA1E64D0EA00D5BC87 /* Calculator */;
			targetProxy = A9B27C031E71B75B0073C52F /* PBXContainerItemProxy */;
		};
/* End PBXTargetDependency section */

/* Begin PBXVariantGroup section */
		A92689D21E64D0EA00D5BC87 /* Main.storyboard */ = {
			isa = PBXVariantGroup;
			children = (
				A92689D31E64D0EA00D5BC87 /* Base */,
			);
			name = Main.storyboard;
			sourceTree = "<group>";
		};
		A92689D71E64D0EA00D5BC87 /* LaunchScreen.storyboard */ = {
			isa = PBXVariantGroup;
			children = (
				A92689D81E64D0EA00D5BC87 /* Base */,
			);
			name = LaunchScreen.storyboard;
			sourceTree = "<group>";
		};
/* End PBXVariantGroup section */

/* Begin XCBuildConfiguration section */
		A92689DB1E64D0EA00D5BC87 /* Debug */ = {
			isa = XCBuildConfiguration;
			buildSettings = {
				ALWAYS_SEARCH_USER_PATHS = NO;
				CLANG_ANALYZER_NONNULL = YES;
				CLANG_CXX_LANGUAGE_STANDARD = "gnu++0x";
				CLANG_CXX_LIBRARY = "libc++";
				CLANG_ENABLE_MODULES = YES;
				CLANG_ENABLE_OBJC_ARC = YES;
				CLANG_WARN_BOOL_CONVERSION = YES;
				CLANG_WARN_CONSTANT_CONVERSION = YES;
				CLANG_WARN_DIRECT_OBJC_ISA_USAGE = YES_ERROR;
				CLANG_WARN_DOCUMENTATION_COMMENTS = YES;
				CLANG_WARN_EMPTY_BODY = YES;
				CLANG_WARN_ENUM_CONVERSION = YES;
				CLANG_WARN_INFINITE_RECURSION = YES;
				CLANG_WARN_INT_CONVERSION = YES;
				CLANG_WARN_OBJC_ROOT_CLASS = YES_ERROR;
				CLANG_WARN_SUSPICIOUS_MOVE = YES;
				CLANG_WARN_UNREACHABLE_CODE = YES;
				CLANG_WARN__DUPLICATE_METHOD_MATCH = YES;
				"CODE_SIGN_IDENTITY[sdk=iphoneos*]" = "iPhone Developer";
				COPY_PHASE_STRIP = NO;
				DEBUG_INFORMATION_FORMAT = dwarf;
				ENABLE_STRICT_OBJC_MSGSEND = YES;
				ENABLE_TESTABILITY = YES;
				GCC_C_LANGUAGE_STANDARD = gnu99;
				GCC_DYNAMIC_NO_PIC = NO;
				GCC_NO_COMMON_BLOCKS = YES;
				GCC_OPTIMIZATION_LEVEL = 0;
				GCC_PREPROCESSOR_DEFINITIONS = (
					"DEBUG=1",
					"$(inherited)",
				);
				GCC_WARN_64_TO_32_BIT_CONVERSION = YES;
				GCC_WARN_ABOUT_RETURN_TYPE = YES_ERROR;
				GCC_WARN_UNDECLARED_SELECTOR = YES;
				GCC_WARN_UNINITIALIZED_AUTOS = YES_AGGRESSIVE;
				GCC_WARN_UNUSED_FUNCTION = YES;
				GCC_WARN_UNUSED_VARIABLE = YES;
				IPHONEOS_DEPLOYMENT_TARGET = 10.2;
				MTL_ENABLE_DEBUG_INFO = YES;
				ONLY_ACTIVE_ARCH = YES;
				SDKROOT = iphoneos;
				SWIFT_ACTIVE_COMPILATION_CONDITIONS = DEBUG;
				SWIFT_OPTIMIZATION_LEVEL = "-Onone";
				TARGETED_DEVICE_FAMILY = "1,2";
			};
			name = Debug;
		};
		A92689DC1E64D0EA00D5BC87 /* Release */ = {
			isa = XCBuildConfiguration;
			buildSettings = {
				ALWAYS_SEARCH_USER_PATHS = NO;
				CLANG_ANALYZER_NONNULL = YES;
				CLANG_CXX_LANGUAGE_STANDARD = "gnu++0x";
				CLANG_CXX_LIBRARY = "libc++";
				CLANG_ENABLE_MODULES = YES;
				CLANG_ENABLE_OBJC_ARC = YES;
				CLANG_WARN_BOOL_CONVERSION = YES;
				CLANG_WARN_CONSTANT_CONVERSION = YES;
				CLANG_WARN_DIRECT_OBJC_ISA_USAGE = YES_ERROR;
				CLANG_WARN_DOCUMENTATION_COMMENTS = YES;
				CLANG_WARN_EMPTY_BODY = YES;
				CLANG_WARN_ENUM_CONVERSION = YES;
				CLANG_WARN_INFINITE_RECURSION = YES;
				CLANG_WARN_INT_CONVERSION = YES;
				CLANG_WARN_OBJC_ROOT_CLASS = YES_ERROR;
				CLANG_WARN_SUSPICIOUS_MOVE = YES;
				CLANG_WARN_UNREACHABLE_CODE = YES;
				CLANG_WARN__DUPLICATE_METHOD_MATCH = YES;
				"CODE_SIGN_IDENTITY[sdk=iphoneos*]" = "iPhone Developer";
				COPY_PHASE_STRIP = NO;
				DEBUG_INFORMATION_FORMAT = "dwarf-with-dsym";
				ENABLE_NS_ASSERTIONS = NO;
				ENABLE_STRICT_OBJC_MSGSEND = YES;
				GCC_C_LANGUAGE_STANDARD = gnu99;
				GCC_NO_COMMON_BLOCKS = YES;
				GCC_WARN_64_TO_32_BIT_CONVERSION = YES;
				GCC_WARN_ABOUT_RETURN_TYPE = YES_ERROR;
				GCC_WARN_UNDECLARED_SELECTOR = YES;
				GCC_WARN_UNINITIALIZED_AUTOS = YES_AGGRESSIVE;
				GCC_WARN_UNUSED_FUNCTION = YES;
				GCC_WARN_UNUSED_VARIABLE = YES;
				IPHONEOS_DEPLOYMENT_TARGET = 10.2;
				MTL_ENABLE_DEBUG_INFO = NO;
				SDKROOT = iphoneos;
				SWIFT_OPTIMIZATION_LEVEL = "-Owholemodule";
				TARGETED_DEVICE_FAMILY = "1,2";
				VALIDATE_PRODUCT = YES;
			};
			name = Release;
		};
		A92689DE1E64D0EA00D5BC87 /* Debug */ = {
			isa = XCBuildConfiguration;
			buildSettings = {
				ASSETCATALOG_COMPILER_APPICON_NAME = AppIcon;
				DEVELOPMENT_TEAM = TEB3BLN4BF;
				INFOPLIST_FILE = Calculator/Info.plist;
				LD_RUNPATH_SEARCH_PATHS = "$(inherited) @executable_path/Frameworks";
				PRODUCT_BUNDLE_IDENTIFIER = com.huralnyk.Calculator;
				PRODUCT_NAME = "$(TARGET_NAME)";
				SWIFT_VERSION = 3.0;
			};
			name = Debug;
		};
		A92689DF1E64D0EA00D5BC87 /* Release */ = {
			isa = XCBuildConfiguration;
			buildSettings = {
				ASSETCATALOG_COMPILER_APPICON_NAME = AppIcon;
				DEVELOPMENT_TEAM = TEB3BLN4BF;
				INFOPLIST_FILE = Calculator/Info.plist;
				LD_RUNPATH_SEARCH_PATHS = "$(inherited) @executable_path/Frameworks";
				PRODUCT_BUNDLE_IDENTIFIER = com.huralnyk.Calculator;
				PRODUCT_NAME = "$(TARGET_NAME)";
				SWIFT_VERSION = 3.0;
			};
			name = Release;
		};
		A9B27C051E71B75B0073C52F /* Debug */ = {
			isa = XCBuildConfiguration;
			buildSettings = {
				BUNDLE_LOADER = "$(TEST_HOST)";
				CLANG_ENABLE_MODULES = YES;
				INFOPLIST_FILE = CalculatorTests/Info.plist;
				LD_RUNPATH_SEARCH_PATHS = "$(inherited) @executable_path/Frameworks @loader_path/Frameworks";
				PRODUCT_BUNDLE_IDENTIFIER = com.huralnyk.CalculatorTests;
				PRODUCT_NAME = "$(TARGET_NAME)";
				SWIFT_OPTIMIZATION_LEVEL = "-Onone";
				SWIFT_VERSION = 3.0;
				TEST_HOST = "$(BUILT_PRODUCTS_DIR)/Calculator.app/Calculator";
			};
			name = Debug;
		};
		A9B27C061E71B75B0073C52F /* Release */ = {
			isa = XCBuildConfiguration;
			buildSettings = {
				BUNDLE_LOADER = "$(TEST_HOST)";
				CLANG_ENABLE_MODULES = YES;
				INFOPLIST_FILE = CalculatorTests/Info.plist;
				LD_RUNPATH_SEARCH_PATHS = "$(inherited) @executable_path/Frameworks @loader_path/Frameworks";
				PRODUCT_BUNDLE_IDENTIFIER = com.huralnyk.CalculatorTests;
				PRODUCT_NAME = "$(TARGET_NAME)";
				SWIFT_VERSION = 3.0;
				TEST_HOST = "$(BUILT_PRODUCTS_DIR)/Calculator.app/Calculator";
			};
			name = Release;
		};
/* End XCBuildConfiguration section */

/* Begin XCConfigurationList section */
		A92689C61E64D0EA00D5BC87 /* Build configuration list for PBXProject "Calculator" */ = {
			isa = XCConfigurationList;
			buildConfigurations = (
				A92689DB1E64D0EA00D5BC87 /* Debug */,
				A92689DC1E64D0EA00D5BC87 /* Release */,
			);
			defaultConfigurationIsVisible = 0;
			defaultConfigurationName = Release;
		};
		A92689DD1E64D0EA00D5BC87 /* Build configuration list for PBXNativeTarget "Calculator" */ = {
			isa = XCConfigurationList;
			buildConfigurations = (
				A92689DE1E64D0EA00D5BC87 /* Debug */,
				A92689DF1E64D0EA00D5BC87 /* Release */,
			);
			defaultConfigurationIsVisible = 0;
			defaultConfigurationName = Release;
		};
		A9B27C071E71B75B0073C52F /* Build configuration list for PBXNativeTarget "CalculatorTests" */ = {
			isa = XCConfigurationList;
			buildConfigurations = (
				A9B27C051E71B75B0073C52F /* Debug */,
				A9B27C061E71B75B0073C52F /* Release */,
			);
			defaultConfigurationIsVisible = 0;
			defaultConfigurationName = Release;
		};
/* End XCConfigurationList section */
	};
	rootObject = A92689C31E64D0EA00D5BC87 /* Project object */;
}
